
Microsoft Visual Studio Solution File, Format Version 12.00
# Visual Studio 15
VisualStudioVersion = 15.0.26730.15
MinimumVisualStudioVersion = 10.0.40219.1
Project("{FAE04EC0-301F-11D3-BF4B-00C04F79EFBC}") = "Assignment2", "Assignment2\Assignment2.csproj", "{7973949C-E561-4BCF-AA22-0CC7CAD20C11}"
EndProject
Global
	GlobalSection(SolutionConfigurationPlatforms) = preSolution
		Debug|Any CPU = Debug|Any CPU
		Release|Any CPU = Release|Any CPU
	EndGlobalSection
	GlobalSection(ProjectConfigurationPlatforms) = postSolution
		{7973949C-E561-4BCF-AA22-0CC7CAD20C11}.Debug|Any CPU.ActiveCfg = Debug|Any CPU
		{7973949C-E561-4BCF-AA22-0CC7CAD20C11}.Debug|Any CPU.Build.0 = Debug|Any CPU
		{7973949C-E561-4BCF-AA22-0CC7CAD20C11}.Release|Any CPU.ActiveCfg = Release|Any CPU
		{7973949C-E561-4BCF-AA22-0CC7CAD20C11}.Release|Any CPU.Build.0 = Release|Any CPU
	EndGlobalSection
	GlobalSection(SolutionProperties) = preSolution
		HideSolutionNode = FALSE
	EndGlobalSection
	GlobalSection(ExtensibilityGlobals) = postSolution
		SolutionGuid = {180FD5CE-37ED-49EC-9A33-CD82ED6580D0}
	EndGlobalSection
EndGlobal
