
Microsoft Visual Studio Solution File, Format Version 12.00
# Visual Studio 15
VisualStudioVersion = 15.0.26730.15
MinimumVisualStudioVersion = 10.0.40219.1
Project("{FAE04EC0-301F-11D3-BF4B-00C04F79EFBC}") = "Assignment6", "Assignment6\Assignment6.csproj", "{98FE5A4A-470D-4BAB-A0AB-9D6BC2071BBC}"
EndProject
Global
	GlobalSection(SolutionConfigurationPlatforms) = preSolution
		Debug|Any CPU = Debug|Any CPU
		Release|Any CPU = Release|Any CPU
	EndGlobalSection
	GlobalSection(ProjectConfigurationPlatforms) = postSolution
		{98FE5A4A-470D-4BAB-A0AB-9D6BC2071BBC}.Debug|Any CPU.ActiveCfg = Debug|Any CPU
		{98FE5A4A-470D-4BAB-A0AB-9D6BC2071BBC}.Debug|Any CPU.Build.0 = Debug|Any CPU
		{98FE5A4A-470D-4BAB-A0AB-9D6BC2071BBC}.Release|Any CPU.ActiveCfg = Release|Any CPU
		{98FE5A4A-470D-4BAB-A0AB-9D6BC2071BBC}.Release|Any CPU.Build.0 = Release|Any CPU
	EndGlobalSection
	GlobalSection(SolutionProperties) = preSolution
		HideSolutionNode = FALSE
	EndGlobalSection
	GlobalSection(ExtensibilityGlobals) = postSolution
		SolutionGuid = {16A4C26E-82C7-4296-A4B3-54DA76B349C3}
	EndGlobalSection
EndGlobal
